
Microsoft Visual Studio Solution File, Format Version 12.00
# Visual Studio Version 16
VisualStudioVersion = 16.0.30611.23
MinimumVisualStudioVersion = 10.0.40219.1
Project("{8BC9CEB8-8B4A-11D0-8D11-00A0C91BC942}") = "midterm", "midterm.vcxproj", "{4B43742D-7DA0-4170-99D3-A2ABE8C49A9F}"
EndProject
Global
	GlobalSection(SolutionConfigurationPlatforms) = preSolution
		Debug|x64 = Debug|x64
		Debug|x86 = Debug|x86
		Release|x64 = Release|x64
		Release|x86 = Release|x86
	EndGlobalSection
	GlobalSection(ProjectConfigurationPlatforms) = postSolution
		{4B43742D-7DA0-4170-99D3-A2ABE8C49A9F}.Debug|x64.ActiveCfg = Debug|x64
		{4B43742D-7DA0-4170-99D3-A2ABE8C49A9F}.Debug|x64.Build.0 = Debug|x64
		{4B43742D-7DA0-4170-99D3-A2ABE8C49A9F}.Debug|x86.ActiveCfg = Debug|Win32
		{4B43742D-7DA0-4170-99D3-A2ABE8C49A9F}.Debug|x86.Build.0 = Debug|Win32
		{4B43742D-7DA0-4170-99D3-A2ABE8C49A9F}.Release|x64.ActiveCfg = Release|x64
		{4B43742D-7DA0-4170-99D3-A2ABE8C49A9F}.Release|x64.Build.0 = Release|x64
		{4B43742D-7DA0-4170-99D3-A2ABE8C49A9F}.Release|x86.ActiveCfg = Release|Win32
		{4B43742D-7DA0-4170-99D3-A2ABE8C49A9F}.Release|x86.Build.0 = Release|Win32
	EndGlobalSection
	GlobalSection(SolutionProperties) = preSolution
		HideSolutionNode = FALSE
	EndGlobalSection
	GlobalSection(ExtensibilityGlobals) = postSolution
		SolutionGuid = {841589C6-47D8-4D63-8DF2-95F6F71D9EAC}
	EndGlobalSection
EndGlobal
