
Microsoft Visual Studio Solution File, Format Version 12.00
# Visual Studio Version 16
VisualStudioVersion = 16.0.31321.278
MinimumVisualStudioVersion = 10.0.40219.1
Project("{FAE04EC0-301F-11D3-BF4B-00C04F79EFBC}") = "Assignment2.Android", "Assignment2.Android\Assignment2.Android.csproj", "{678B3E40-E183-4A19-B702-2AA5C96D41BF}"
EndProject
Project("{FAE04EC0-301F-11D3-BF4B-00C04F79EFBC}") = "Assignment2.iOS", "Assignment2.iOS\Assignment2.iOS.csproj", "{7CA327B1-57A0-41C4-852E-6F4641F6DF1A}"
EndProject
Project("{FAE04EC0-301F-11D3-BF4B-00C04F79EFBC}") = "Assignment2", "Assignment2\Assignment2.csproj", "{70548980-CA2F-4A42-AEB4-3A72F8C676DF}"
EndProject
Global
	GlobalSection(SolutionConfigurationPlatforms) = preSolution
		Debug|Any CPU = Debug|Any CPU
		Debug|iPhone = Debug|iPhone
		Debug|iPhoneSimulator = Debug|iPhoneSimulator
		Release|Any CPU = Release|Any CPU
		Release|iPhone = Release|iPhone
		Release|iPhoneSimulator = Release|iPhoneSimulator
	EndGlobalSection
	GlobalSection(ProjectConfigurationPlatforms) = postSolution
		{678B3E40-E183-4A19-B702-2AA5C96D41BF}.Debug|Any CPU.ActiveCfg = Debug|Any CPU
		{678B3E40-E183-4A19-B702-2AA5C96D41BF}.Debug|Any CPU.Build.0 = Debug|Any CPU
		{678B3E40-E183-4A19-B702-2AA5C96D41BF}.Debug|Any CPU.Deploy.0 = Debug|Any CPU
		{678B3E40-E183-4A19-B702-2AA5C96D41BF}.Debug|iPhone.ActiveCfg = Debug|Any CPU
		{678B3E40-E183-4A19-B702-2AA5C96D41BF}.Debug|iPhone.Build.0 = Debug|Any CPU
		{678B3E40-E183-4A19-B702-2AA5C96D41BF}.Debug|iPhone.Deploy.0 = Debug|Any CPU
		{678B3E40-E183-4A19-B702-2AA5C96D41BF}.Debug|iPhoneSimulator.ActiveCfg = Debug|Any CPU
		{678B3E40-E183-4A19-B702-2AA5C96D41BF}.Debug|iPhoneSimulator.Build.0 = Debug|Any CPU
		{678B3E40-E183-4A19-B702-2AA5C96D41BF}.Debug|iPhoneSimulator.Deploy.0 = Debug|Any CPU
		{678B3E40-E183-4A19-B702-2AA5C96D41BF}.Release|Any CPU.ActiveCfg = Release|Any CPU
		{678B3E40-E183-4A19-B702-2AA5C96D41BF}.Release|Any CPU.Build.0 = Release|Any CPU
		{678B3E40-E183-4A19-B702-2AA5C96D41BF}.Release|Any CPU.Deploy.0 = Release|Any CPU
		{678B3E40-E183-4A19-B702-2AA5C96D41BF}.Release|iPhone.ActiveCfg = Release|Any CPU
		{678B3E40-E183-4A19-B702-2AA5C96D41BF}.Release|iPhone.Build.0 = Release|Any CPU
		{678B3E40-E183-4A19-B702-2AA5C96D41BF}.Release|iPhone.Deploy.0 = Release|Any CPU
		{678B3E40-E183-4A19-B702-2AA5C96D41BF}.Release|iPhoneSimulator.ActiveCfg = Release|Any CPU
		{678B3E40-E183-4A19-B702-2AA5C96D41BF}.Release|iPhoneSimulator.Build.0 = Release|Any CPU
		{678B3E40-E183-4A19-B702-2AA5C96D41BF}.Release|iPhoneSimulator.Deploy.0 = Release|Any CPU
		{7CA327B1-57A0-41C4-852E-6F4641F6DF1A}.Debug|Any CPU.ActiveCfg = Debug|iPhone
		{7CA327B1-57A0-41C4-852E-6F4641F6DF1A}.Debug|Any CPU.Build.0 = Debug|iPhone
		{7CA327B1-57A0-41C4-852E-6F4641F6DF1A}.Debug|Any CPU.Deploy.0 = Debug|iPhone
		{7CA327B1-57A0-41C4-852E-6F4641F6DF1A}.Debug|iPhone.ActiveCfg = Debug|iPhone
		{7CA327B1-57A0-41C4-852E-6F4641F6DF1A}.Debug|iPhone.Build.0 = Debug|iPhone
		{7CA327B1-57A0-41C4-852E-6F4641F6DF1A}.Debug|iPhone.Deploy.0 = Debug|iPhone
		{7CA327B1-57A0-41C4-852E-6F4641F6DF1A}.Debug|iPhoneSimulator.ActiveCfg = Debug|iPhoneSimulator
		{7CA327B1-57A0-41C4-852E-6F4641F6DF1A}.Debug|iPhoneSimulator.Build.0 = Debug|iPhoneSimulator
		{7CA327B1-57A0-41C4-852E-6F4641F6DF1A}.Debug|iPhoneSimulator.Deploy.0 = Debug|iPhoneSimulator
		{7CA327B1-57A0-41C4-852E-6F4641F6DF1A}.Release|Any CPU.ActiveCfg = Release|iPhoneSimulator
		{7CA327B1-57A0-41C4-852E-6F4641F6DF1A}.Release|Any CPU.Build.0 = Release|iPhoneSimulator
		{7CA327B1-57A0-41C4-852E-6F4641F6DF1A}.Release|Any CPU.Deploy.0 = Release|iPhoneSimulator
		{7CA327B1-57A0-41C4-852E-6F4641F6DF1A}.Release|iPhone.ActiveCfg = Release|iPhone
		{7CA327B1-57A0-41C4-852E-6F4641F6DF1A}.Release|iPhone.Build.0 = Release|iPhone
		{7CA327B1-57A0-41C4-852E-6F4641F6DF1A}.Release|iPhone.Deploy.0 = Release|iPhone
		{7CA327B1-57A0-41C4-852E-6F4641F6DF1A}.Release|iPhoneSimulator.ActiveCfg = Release|iPhoneSimulator
		{7CA327B1-57A0-41C4-852E-6F4641F6DF1A}.Release|iPhoneSimulator.Build.0 = Release|iPhoneSimulator
		{7CA327B1-57A0-41C4-852E-6F4641F6DF1A}.Release|iPhoneSimulator.Deploy.0 = Release|iPhoneSimulator
		{70548980-CA2F-4A42-AEB4-3A72F8C676DF}.Debug|Any CPU.ActiveCfg = Debug|Any CPU
		{70548980-CA2F-4A42-AEB4-3A72F8C676DF}.Debug|Any CPU.Build.0 = Debug|Any CPU
		{70548980-CA2F-4A42-AEB4-3A72F8C676DF}.Debug|Any CPU.Deploy.0 = Debug|Any CPU
		{70548980-CA2F-4A42-AEB4-3A72F8C676DF}.Debug|iPhone.ActiveCfg = Debug|Any CPU
		{70548980-CA2F-4A42-AEB4-3A72F8C676DF}.Debug|iPhone.Build.0 = Debug|Any CPU
		{70548980-CA2F-4A42-AEB4-3A72F8C676DF}.Debug|iPhone.Deploy.0 = Debug|Any CPU
		{70548980-CA2F-4A42-AEB4-3A72F8C676DF}.Debug|iPhoneSimulator.ActiveCfg = Debug|Any CPU
		{70548980-CA2F-4A42-AEB4-3A72F8C676DF}.Debug|iPhoneSimulator.Build.0 = Debug|Any CPU
		{70548980-CA2F-4A42-AEB4-3A72F8C676DF}.Debug|iPhoneSimulator.Deploy.0 = Debug|Any CPU
		{70548980-CA2F-4A42-AEB4-3A72F8C676DF}.Release|Any CPU.ActiveCfg = Release|Any CPU
		{70548980-CA2F-4A42-AEB4-3A72F8C676DF}.Release|Any CPU.Build.0 = Release|Any CPU
		{70548980-CA2F-4A42-AEB4-3A72F8C676DF}.Release|Any CPU.Deploy.0 = Release|Any CPU
		{70548980-CA2F-4A42-AEB4-3A72F8C676DF}.Release|iPhone.ActiveCfg = Release|Any CPU
		{70548980-CA2F-4A42-AEB4-3A72F8C676DF}.Release|iPhone.Build.0 = Release|Any CPU
		{70548980-CA2F-4A42-AEB4-3A72F8C676DF}.Release|iPhone.Deploy.0 = Release|Any CPU
		{70548980-CA2F-4A42-AEB4-3A72F8C676DF}.Release|iPhoneSimulator.ActiveCfg = Release|Any CPU
		{70548980-CA2F-4A42-AEB4-3A72F8C676DF}.Release|iPhoneSimulator.Build.0 = Release|Any CPU
		{70548980-CA2F-4A42-AEB4-3A72F8C676DF}.Release|iPhoneSimulator.Deploy.0 = Release|Any CPU
	EndGlobalSection
	GlobalSection(SolutionProperties) = preSolution
		HideSolutionNode = FALSE
	EndGlobalSection
	GlobalSection(ExtensibilityGlobals) = postSolution
		SolutionGuid = {D290C85C-94F6-4ADC-825D-CA8A2425596D}
	EndGlobalSection
EndGlobal
