
Microsoft Visual Studio Solution File, Format Version 12.00
# Visual Studio 15
VisualStudioVersion = 15.0.28010.2050
MinimumVisualStudioVersion = 10.0.40219.1
Project("{8BC9CEB8-8B4A-11D0-8D11-00A0C91BC942}") = "Milestone1", "Milestone1\Milestone1.vcxproj", "{EDAD0B1F-0739-4B07-85A4-2FF0703D4BCF}"
EndProject
Global
	GlobalSection(SolutionConfigurationPlatforms) = preSolution
		Debug|x64 = Debug|x64
		Debug|x86 = Debug|x86
		Release|x64 = Release|x64
		Release|x86 = Release|x86
	EndGlobalSection
	GlobalSection(ProjectConfigurationPlatforms) = postSolution
		{EDAD0B1F-0739-4B07-85A4-2FF0703D4BCF}.Debug|x64.ActiveCfg = Debug|x64
		{EDAD0B1F-0739-4B07-85A4-2FF0703D4BCF}.Debug|x64.Build.0 = Debug|x64
		{EDAD0B1F-0739-4B07-85A4-2FF0703D4BCF}.Debug|x86.ActiveCfg = Debug|Win32
		{EDAD0B1F-0739-4B07-85A4-2FF0703D4BCF}.Debug|x86.Build.0 = Debug|Win32
		{EDAD0B1F-0739-4B07-85A4-2FF0703D4BCF}.Release|x64.ActiveCfg = Release|x64
		{EDAD0B1F-0739-4B07-85A4-2FF0703D4BCF}.Release|x64.Build.0 = Release|x64
		{EDAD0B1F-0739-4B07-85A4-2FF0703D4BCF}.Release|x86.ActiveCfg = Release|Win32
		{EDAD0B1F-0739-4B07-85A4-2FF0703D4BCF}.Release|x86.Build.0 = Release|Win32
	EndGlobalSection
	GlobalSection(SolutionProperties) = preSolution
		HideSolutionNode = FALSE
	EndGlobalSection
	GlobalSection(ExtensibilityGlobals) = postSolution
		SolutionGuid = {93F35B23-B934-42FD-A4C6-DA10589C2C09}
	EndGlobalSection
EndGlobal
