
Microsoft Visual Studio Solution File, Format Version 12.00
# Visual Studio 15
VisualStudioVersion = 15.0.28010.2041
MinimumVisualStudioVersion = 10.0.40219.1
Project("{8BC9CEB8-8B4A-11D0-8D11-00A0C91BC942}") = "Workshop8", "Workshop8\Workshop8.vcxproj", "{892C7C2F-53AC-4E96-8ED2-4222EA502412}"
EndProject
Global
	GlobalSection(SolutionConfigurationPlatforms) = preSolution
		Debug|x64 = Debug|x64
		Debug|x86 = Debug|x86
		Release|x64 = Release|x64
		Release|x86 = Release|x86
	EndGlobalSection
	GlobalSection(ProjectConfigurationPlatforms) = postSolution
		{892C7C2F-53AC-4E96-8ED2-4222EA502412}.Debug|x64.ActiveCfg = Debug|x64
		{892C7C2F-53AC-4E96-8ED2-4222EA502412}.Debug|x64.Build.0 = Debug|x64
		{892C7C2F-53AC-4E96-8ED2-4222EA502412}.Debug|x86.ActiveCfg = Debug|Win32
		{892C7C2F-53AC-4E96-8ED2-4222EA502412}.Debug|x86.Build.0 = Debug|Win32
		{892C7C2F-53AC-4E96-8ED2-4222EA502412}.Release|x64.ActiveCfg = Release|x64
		{892C7C2F-53AC-4E96-8ED2-4222EA502412}.Release|x64.Build.0 = Release|x64
		{892C7C2F-53AC-4E96-8ED2-4222EA502412}.Release|x86.ActiveCfg = Release|Win32
		{892C7C2F-53AC-4E96-8ED2-4222EA502412}.Release|x86.Build.0 = Release|Win32
	EndGlobalSection
	GlobalSection(SolutionProperties) = preSolution
		HideSolutionNode = FALSE
	EndGlobalSection
	GlobalSection(ExtensibilityGlobals) = postSolution
		SolutionGuid = {83D26E97-B710-4800-9EAE-F4AC4E693B67}
	EndGlobalSection
EndGlobal
